Microsoft Visual Studio Solution File, Format Version 12.00
# Visual Studio 2012
Project("{2150E333-8FDC-42A3-9474-1A3956D46DE8}") = "0.Base", "0.Base", "{BD6448F6-B11C-4B68-AC19-69F610994F42}"
EndProject
Project("{FAE04EC0-301F-11D3-BF4B-00C04F79EFBC}") = "KirisameY.Relinq", "KirisameY.Relinq\KirisameY.Relinq.csproj", "{757C03CC-42D5-4840-A747-0B57B1402AEC}"
EndProject
Global
	GlobalSection(SolutionConfigurationPlatforms) = preSolution
	Debug|Any CPU = Debug|Any CPU
	Release|Any CPU = Release|Any CPU
	EndGlobalSection
	GlobalSection(ProjectConfigurationPlatforms) = postSolution
		{757C03CC-42D5-4840-A747-0B57B1402AEC}.Debug|Any CPU.ActiveCfg = Debug|Any CPU
		{757C03CC-42D5-4840-A747-0B57B1402AEC}.Debug|Any CPU.Build.0 = Debug|Any CPU
		{757C03CC-42D5-4840-A747-0B57B1402AEC}.Release|Any CPU.ActiveCfg = Release|Any CPU
		{757C03CC-42D5-4840-A747-0B57B1402AEC}.Release|Any CPU.Build.0 = Release|Any CPU
	EndGlobalSection
	GlobalSection(NestedProjects) = preSolution
		{757C03CC-42D5-4840-A747-0B57B1402AEC} = {BD6448F6-B11C-4B68-AC19-69F610994F42}
	EndGlobalSection
EndGlobal
